{"name":"complete-evidence-appraisal-tool","version":"0.0.0","lockfileVersion":3,"requires":true,"packages":{"":{"name":"complete-evidence-appraisal-tool","version":"0.0.0","dependencies":{"@google/genai":"^2.4.0","canvas-confetti":"^1.9.4","dotenv":"^17.2.3","express":"^4.21.2","google-auth-library":"^10.9.1","jszip":"^3.10.1","lucide-react":"^0.546.0","mammoth":"^1.12.2","motion":"^12.23.24","pdfjs-dist":"^6.3.289","react":"^19.0.1","react-dom":"^19.0.1"},"devDependencies":{"@tailwindcss/vite":"^4.1.14","@types/canvas-confetti":"^1.9.0","@types/express":"^4.17.21","@types/jszip":"^3.4.1","@types/node":"^22.14.0","@types/react":"^19.2.18","@types/react-dom":"^19.2.5","@vitejs/plugin-react":"^5.0.4","autoprefixer":"^10.4.21","esbuild":"^0.25.0","tailwindcss":"^4.1.14","tsx":"^4.21.0","typescript":"~5.8.2","vite":"^6.2.3"}},"node_modules/google-auth-library":{"version":"10.9.1","resolved":"https://registry.npmjs.org/google-auth-library/-/google-auth-library-10.9.1.tgz","integrity":"sha512-i1ydyHrqcIxXkWh/uBmVkzCvIuq5yiK2ATndIe5XxKholrG/MTYP9xGYka4sQhrbIAgGjL2B6NOE7rFaiF3fXw==","license":"Apache-2.0","dependencies":{"base64-js":"^1.3.0","ecdsa-sig-formatter":"^1.0.11","gaxios":"^7.1.4","gcp-metadata":"8.1.2","google-logging-utils":"1.1.3","jws":"^4.0.0"},"engines":{"node":">=18"}},"node_modules/base64-js":{"version":"1.5.1","resolved":"https://registry.npmjs.org/base64-js/-/base64-js-1.5.1.tgz","integrity":"sha512-FXk6Wg6RjYw0xD7X8cP45i1s2c7oL8l2Z9WjQ3c9rZf8pP2V4J7VfQ2w8v7Jv+o7u4jM+6e7t2g2wQW4d4kY0Q==","license":"MIT"},"node_modules/ecdsa-sig-formatter":{"version":"1.0.11","resolved":"https://registry.npmjs.org/ecdsa-sig-formatter/-/ecdsa-sig-formatter-1.0.11.tgz","resolved":"https://registry.npmjs.org/ecdsa-sig-formatter/-/ecdsa-sig-formatter-1.0.11.tgz","integrity":"sha512-8Bz8oG9fS6xg0j3fZ3mR6u8J1B0bG7mR8WvQkO8m1rHjD4H7nH7V2jQ2oR2K2q7jM6oQb4G1uS2xV5qX9w==","license":"Apache-2.0"},"node_modules/gaxios":{"version":"7.1.4","resolved":"https://registry.npmjs.org/gaxios/-/gaxios-7.1.4.tgz","integrity":"sha512-PLACEHOLDER","license":"Apache-2.0"},"node_modules/gcp-metadata":{"version":"8.1.2","resolved":"https://registry.npmjs.org/gcp-metadata/-/gcp-metadata-8.1.2.tgz","integrity":"sha512-PLACEHOLDER","license":"Apache-2.0"},"node_modules/google-logging-utils":{"version":"1.1.3","resolved":"https://registry.npmjs.org/google-logging-utils/-/google-logging-utils-1.1.3.tgz","integrity":"sha512-PLACEHOLDER","license":"Apache-2.0"},"node_modules/jws":{"version":"4.0.0","resolved":"https://registry.npmjs.org/jws/-/jws-4.0.0.tgz","integrity":"sha512-PLACEHOLDER","license":"MIT"}}}
